
Microsoft Visual Studio Solution File, Format Version 12.00
# Visual Studio Version 16
VisualStudioVersion = 16.0.29201.188
MinimumVisualStudioVersion = 10.0.40219.1
Project("{FAE04EC0-301F-11D3-BF4B-00C04F79EFBC}") = "PoE Whisperer", "PoE Whisperer\PoE Whisperer.csproj", "{AB09F9F7-5937-43E1-A77A-37E30EFE1680}"
EndProject
Global
	GlobalSection(SolutionConfigurationPlatforms) = preSolution
		Debug|Any CPU = Debug|Any CPU
		Release|Any CPU = Release|Any CPU
	EndGlobalSection
	GlobalSection(ProjectConfigurationPlatforms) = postSolution
		{AB09F9F7-5937-43E1-A77A-37E30EFE1680}.Debug|Any CPU.ActiveCfg = Debug|Any CPU
		{AB09F9F7-5937-43E1-A77A-37E30EFE1680}.Debug|Any CPU.Build.0 = Debug|Any CPU
		{AB09F9F7-5937-43E1-A77A-37E30EFE1680}.Release|Any CPU.ActiveCfg = Release|Any CPU
		{AB09F9F7-5937-43E1-A77A-37E30EFE1680}.Release|Any CPU.Build.0 = Release|Any CPU
	EndGlobalSection
	GlobalSection(SolutionProperties) = preSolution
		HideSolutionNode = FALSE
	EndGlobalSection
	GlobalSection(ExtensibilityGlobals) = postSolution
		SolutionGuid = {AB19BCA1-30B2-4F87-9CDB-4F1D3707CBF0}
	EndGlobalSection
EndGlobal
